{
  "requires": true,
  "lockfileVersion": 1,
  "dependencies": {
    "jquery": {
      "version": "3.4.1",
      "resolved": "https://registry.npmjs.org/jquery/-/jquery-3.4.1.tgz",
      "integrity": "sha512-36+AdBzCL+y6qjw5Tx7HgzeGCzC81MDDgaUP8ld2zhx58HdqXGoBd+tHdrBMiyjGQs0Hxs/MLZTu/eHNJJuWPw=="
    },
    "simplelightbox": {
      "version": "1.17.2",
      "resolved": "https://registry.npmjs.org/simplelightbox/-/simplelightbox-1.17.2.tgz",
      "integrity": "sha512-LbVFh5UPUacxu/8XupgJ3nMfLxl+o6JCY/EiF9KgTCltKoNZOzUAspElwYqJ3O4YfPmUEzlyEJZyfOKAXE7Bnw==",
      "requires": {
        "jquery": ">=1.7.0"
      }
    }
  }
}
